
Microsoft Visual Studio Solution File, Format Version 12.00
# Visual Studio Version 16
VisualStudioVersion = 16.0.29509.3
MinimumVisualStudioVersion = 10.0.40219.1
Project("{FAE04EC0-301F-11D3-BF4B-00C04F79EFBC}") = "Display_Image_In_DataGridView", "Display_Image_In_DataGridView\Display_Image_In_DataGridView.csproj", "{E1847625-8EEE-4C3A-8CC7-9D39FEC5585E}"
EndProject
Global
	GlobalSection(SolutionConfigurationPlatforms) = preSolution
		Debug|Any CPU = Debug|Any CPU
		Release|Any CPU = Release|Any CPU
	EndGlobalSection
	GlobalSection(ProjectConfigurationPlatforms) = postSolution
		{E1847625-8EEE-4C3A-8CC7-9D39FEC5585E}.Debug|Any CPU.ActiveCfg = Debug|Any CPU
		{E1847625-8EEE-4C3A-8CC7-9D39FEC5585E}.Debug|Any CPU.Build.0 = Debug|Any CPU
		{E1847625-8EEE-4C3A-8CC7-9D39FEC5585E}.Release|Any CPU.ActiveCfg = Release|Any CPU
		{E1847625-8EEE-4C3A-8CC7-9D39FEC5585E}.Release|Any CPU.Build.0 = Release|Any CPU
	EndGlobalSection
	GlobalSection(SolutionProperties) = preSolution
		HideSolutionNode = FALSE
	EndGlobalSection
	GlobalSection(ExtensibilityGlobals) = postSolution
		SolutionGuid = {9C0755CD-4CBF-42A7-A844-12F1EDB18140}
	EndGlobalSection
EndGlobal
